
Microsoft Visual Studio Solution File, Format Version 12.00
# Visual Studio Version 17
VisualStudioVersion = 17.3.32901.215
MinimumVisualStudioVersion = 10.0.40219.1
Project("{8BC9CEB8-8B4A-11D0-8D11-00A0C91BC942}") = "Letter_classifier", "Letter_classifier\Letter_classifier.vcxproj", "{4BDDE903-1AB2-4CF0-80A4-F6DEABB71521}"
EndProject
Global
	GlobalSection(SolutionConfigurationPlatforms) = preSolution
		Debug|x64 = Debug|x64
		Debug|x86 = Debug|x86
		Release|x64 = Release|x64
		Release|x86 = Release|x86
	EndGlobalSection
	GlobalSection(ProjectConfigurationPlatforms) = postSolution
		{4BDDE903-1AB2-4CF0-80A4-F6DEABB71521}.Debug|x64.ActiveCfg = Debug|x64
		{4BDDE903-1AB2-4CF0-80A4-F6DEABB71521}.Debug|x64.Build.0 = Debug|x64
		{4BDDE903-1AB2-4CF0-80A4-F6DEABB71521}.Debug|x86.ActiveCfg = Debug|Win32
		{4BDDE903-1AB2-4CF0-80A4-F6DEABB71521}.Debug|x86.Build.0 = Debug|Win32
		{4BDDE903-1AB2-4CF0-80A4-F6DEABB71521}.Release|x64.ActiveCfg = Release|x64
		{4BDDE903-1AB2-4CF0-80A4-F6DEABB71521}.Release|x64.Build.0 = Release|x64
		{4BDDE903-1AB2-4CF0-80A4-F6DEABB71521}.Release|x86.ActiveCfg = Release|Win32
		{4BDDE903-1AB2-4CF0-80A4-F6DEABB71521}.Release|x86.Build.0 = Release|Win32
	EndGlobalSection
	GlobalSection(SolutionProperties) = preSolution
		HideSolutionNode = FALSE
	EndGlobalSection
	GlobalSection(ExtensibilityGlobals) = postSolution
		SolutionGuid = {2804AB40-C617-4B70-943A-1E0FB94E30CB}
	EndGlobalSection
EndGlobal
